
Microsoft Visual Studio Solution File, Format Version 12.00
# Visual Studio 2012
Project("{FAE04EC0-301F-11D3-BF4B-00C04F79EFBC}") = "SWBrasil.WorkFlow.Common", "SWBrasil.WorkFlow.Common\SWBrasil.WorkFlow.Common.csproj", "{104CFEED-9CC9-4B43-93EA-47A036DA663A}"
EndProject
Project("{FAE04EC0-301F-11D3-BF4B-00C04F79EFBC}") = "SWBrasil.WorkFlow.Core", "SWBrasil.WorkFlow.Core\SWBrasil.WorkFlow.Core.csproj", "{C8098AA0-A88B-4064-AF9A-08B142D557F5}"
EndProject
Global
	GlobalSection(SolutionConfigurationPlatforms) = preSolution
		Debug|Any CPU = Debug|Any CPU
		Release|Any CPU = Release|Any CPU
	EndGlobalSection
	GlobalSection(ProjectConfigurationPlatforms) = postSolution
		{104CFEED-9CC9-4B43-93EA-47A036DA663A}.Debug|Any CPU.ActiveCfg = Debug|Any CPU
		{104CFEED-9CC9-4B43-93EA-47A036DA663A}.Debug|Any CPU.Build.0 = Debug|Any CPU
		{104CFEED-9CC9-4B43-93EA-47A036DA663A}.Release|Any CPU.ActiveCfg = Release|Any CPU
		{104CFEED-9CC9-4B43-93EA-47A036DA663A}.Release|Any CPU.Build.0 = Release|Any CPU
		{C8098AA0-A88B-4064-AF9A-08B142D557F5}.Debug|Any CPU.ActiveCfg = Debug|Any CPU
		{C8098AA0-A88B-4064-AF9A-08B142D557F5}.Debug|Any CPU.Build.0 = Debug|Any CPU
		{C8098AA0-A88B-4064-AF9A-08B142D557F5}.Release|Any CPU.ActiveCfg = Release|Any CPU
		{C8098AA0-A88B-4064-AF9A-08B142D557F5}.Release|Any CPU.Build.0 = Release|Any CPU
	EndGlobalSection
	GlobalSection(SolutionProperties) = preSolution
		HideSolutionNode = FALSE
	EndGlobalSection
EndGlobal
