
Microsoft Visual Studio Solution File, Format Version 12.00
# Visual Studio 2012
Project("{FAE04EC0-301F-11D3-BF4B-00C04F79EFBC}") = "SWBrasil.ORM", "SWBrasil.ORM\SWBrasil.ORM.csproj", "{2E905385-0121-4160-8565-C726BB354D28}"
EndProject
Project("{FAE04EC0-301F-11D3-BF4B-00C04F79EFBC}") = "SWBrasil.ORM.CommandTemplate", "SWBrasil.ORM.CommandTemplate\SWBrasil.ORM.CommandTemplate.csproj", "{7551DCD4-8C98-4AC0-A8E1-1993E5F81E52}"
EndProject
Project("{FAE04EC0-301F-11D3-BF4B-00C04F79EFBC}") = "SWBrasil.ORM.Common", "SWBrasil.ORM.Common\SWBrasil.ORM.Common.csproj", "{E48D7BBE-072D-4DC4-9F41-6FD88739A86D}"
EndProject
Global
	GlobalSection(SolutionConfigurationPlatforms) = preSolution
		Debug|Any CPU = Debug|Any CPU
		Release|Any CPU = Release|Any CPU
	EndGlobalSection
	GlobalSection(ProjectConfigurationPlatforms) = postSolution
		{2E905385-0121-4160-8565-C726BB354D28}.Debug|Any CPU.ActiveCfg = Debug|Any CPU
		{2E905385-0121-4160-8565-C726BB354D28}.Debug|Any CPU.Build.0 = Debug|Any CPU
		{2E905385-0121-4160-8565-C726BB354D28}.Release|Any CPU.ActiveCfg = Release|Any CPU
		{2E905385-0121-4160-8565-C726BB354D28}.Release|Any CPU.Build.0 = Release|Any CPU
		{7551DCD4-8C98-4AC0-A8E1-1993E5F81E52}.Debug|Any CPU.ActiveCfg = Debug|Any CPU
		{7551DCD4-8C98-4AC0-A8E1-1993E5F81E52}.Debug|Any CPU.Build.0 = Debug|Any CPU
		{7551DCD4-8C98-4AC0-A8E1-1993E5F81E52}.Release|Any CPU.ActiveCfg = Release|Any CPU
		{7551DCD4-8C98-4AC0-A8E1-1993E5F81E52}.Release|Any CPU.Build.0 = Release|Any CPU
		{E48D7BBE-072D-4DC4-9F41-6FD88739A86D}.Debug|Any CPU.ActiveCfg = Debug|Any CPU
		{E48D7BBE-072D-4DC4-9F41-6FD88739A86D}.Debug|Any CPU.Build.0 = Debug|Any CPU
		{E48D7BBE-072D-4DC4-9F41-6FD88739A86D}.Release|Any CPU.ActiveCfg = Release|Any CPU
		{E48D7BBE-072D-4DC4-9F41-6FD88739A86D}.Release|Any CPU.Build.0 = Release|Any CPU
	EndGlobalSection
	GlobalSection(SolutionProperties) = preSolution
		HideSolutionNode = FALSE
	EndGlobalSection
EndGlobal
