
Microsoft Visual Studio Solution File, Format Version 12.00
# Visual Studio 2012
Project("{FAE04EC0-301F-11D3-BF4B-00C04F79EFBC}") = "{NAMESPACE}.Common", "{NAMESPACE}.Common\{NAMESPACE}.Common.csproj", "{22068184-CD34-4DFB-AB44-D885748FE0CC}"
EndProject
Project("{FAE04EC0-301F-11D3-BF4B-00C04F79EFBC}") = "{NAMESPACE}.Service", "{NAMESPACE}.Service\{NAMESPACE}.Service.csproj", "{41623CEB-08E9-47E8-B321-4B7C03F5D413}"
EndProject
Project("{2150E333-8FDC-42A3-9474-1A3956D46DE8}") = "Services", "Services", "{BE3F1BEF-1E64-4C0B-95D2-4EF9097D775E}"
EndProject
Project("{2150E333-8FDC-42A3-9474-1A3956D46DE8}") = "Libraries", "Libraries", "{1C09B07D-86F5-4A44-BB0F-CDB74438C736}"
EndProject
Project("{2150E333-8FDC-42A3-9474-1A3956D46DE8}") = "Presentation", "Presentation", "{93922726-8629-4CCF-997A-0D0A7C96710A}"
EndProject
Project("{FAE04EC0-301F-11D3-BF4B-00C04F79EFBC}") = "{NAMESPACE}.UI", "{NAMESPACE}.UI\{NAMESPACE}.UI.csproj", "{4801E50B-38C3-499E-8329-CAEE7EA4AECC}"
EndProject
Project("{FAE04EC0-301F-11D3-BF4B-00C04F79EFBC}") = "{NAMESPACE}.Core", "{NAMESPACE}.Core\{NAMESPACE}.Core.csproj", "{EC91BD55-315C-480D-918C-67B9F45768C3}"
EndProject
Project("{FAE04EC0-301F-11D3-BF4B-00C04F79EFBC}") = "{NAMESPACE}.Data", "{NAMESPACE}.Data\{NAMESPACE}.Data.csproj", "{8A43DD56-1D1E-43A0-800D-CBF61EBC94B5}"
EndProject
Global
	GlobalSection(SolutionConfigurationPlatforms) = preSolution
		Debug|Any CPU = Debug|Any CPU
		Release|Any CPU = Release|Any CPU
	EndGlobalSection
	GlobalSection(ProjectConfigurationPlatforms) = postSolution
		{22068184-CD34-4DFB-AB44-D885748FE0CC}.Debug|Any CPU.ActiveCfg = Debug|Any CPU
		{22068184-CD34-4DFB-AB44-D885748FE0CC}.Debug|Any CPU.Build.0 = Debug|Any CPU
		{22068184-CD34-4DFB-AB44-D885748FE0CC}.Release|Any CPU.ActiveCfg = Release|Any CPU
		{22068184-CD34-4DFB-AB44-D885748FE0CC}.Release|Any CPU.Build.0 = Release|Any CPU
		{41623CEB-08E9-47E8-B321-4B7C03F5D413}.Debug|Any CPU.ActiveCfg = Debug|Any CPU
		{41623CEB-08E9-47E8-B321-4B7C03F5D413}.Debug|Any CPU.Build.0 = Debug|Any CPU
		{41623CEB-08E9-47E8-B321-4B7C03F5D413}.Release|Any CPU.ActiveCfg = Release|Any CPU
		{41623CEB-08E9-47E8-B321-4B7C03F5D413}.Release|Any CPU.Build.0 = Release|Any CPU
		{4801E50B-38C3-499E-8329-CAEE7EA4AECC}.Debug|Any CPU.ActiveCfg = Debug|Any CPU
		{4801E50B-38C3-499E-8329-CAEE7EA4AECC}.Debug|Any CPU.Build.0 = Debug|Any CPU
		{4801E50B-38C3-499E-8329-CAEE7EA4AECC}.Release|Any CPU.ActiveCfg = Release|Any CPU
		{4801E50B-38C3-499E-8329-CAEE7EA4AECC}.Release|Any CPU.Build.0 = Release|Any CPU
		{EC91BD55-315C-480D-918C-67B9F45768C3}.Debug|Any CPU.ActiveCfg = Debug|Any CPU
		{EC91BD55-315C-480D-918C-67B9F45768C3}.Debug|Any CPU.Build.0 = Debug|Any CPU
		{EC91BD55-315C-480D-918C-67B9F45768C3}.Release|Any CPU.ActiveCfg = Release|Any CPU
		{EC91BD55-315C-480D-918C-67B9F45768C3}.Release|Any CPU.Build.0 = Release|Any CPU
		{8A43DD56-1D1E-43A0-800D-CBF61EBC94B5}.Debug|Any CPU.ActiveCfg = Debug|Any CPU
		{8A43DD56-1D1E-43A0-800D-CBF61EBC94B5}.Debug|Any CPU.Build.0 = Debug|Any CPU
		{8A43DD56-1D1E-43A0-800D-CBF61EBC94B5}.Release|Any CPU.ActiveCfg = Release|Any CPU
		{8A43DD56-1D1E-43A0-800D-CBF61EBC94B5}.Release|Any CPU.Build.0 = Release|Any CPU
	EndGlobalSection
	GlobalSection(SolutionProperties) = preSolution
		HideSolutionNode = FALSE
	EndGlobalSection
	GlobalSection(NestedProjects) = preSolution
		{41623CEB-08E9-47E8-B321-4B7C03F5D413} = {BE3F1BEF-1E64-4C0B-95D2-4EF9097D775E}
		{22068184-CD34-4DFB-AB44-D885748FE0CC} = {1C09B07D-86F5-4A44-BB0F-CDB74438C736}
		{EC91BD55-315C-480D-918C-67B9F45768C3} = {1C09B07D-86F5-4A44-BB0F-CDB74438C736}
		{8A43DD56-1D1E-43A0-800D-CBF61EBC94B5} = {1C09B07D-86F5-4A44-BB0F-CDB74438C736}
		{4801E50B-38C3-499E-8329-CAEE7EA4AECC} = {93922726-8629-4CCF-997A-0D0A7C96710A}
	EndGlobalSection
EndGlobal
